<?xml version="1.0" encoding="utf-8"?>
<Project ToolsVersion="4.0" xmlns="http://schemas.microsoft.com/developer/msbuild/2003">
  <ItemGroup>
    <Filter Include="Source Files">
      <UniqueIdentifier>{4FC737F1-C7A5-4376-A066-2A32D752A2FF}</UniqueIdentifier>
      <Extensions>cpp;c;cc;cxx;def;odl;idl;hpj;bat;asm;asmx</Extensions>
    </Filter>
    <Filter Include="Header Files">
      <UniqueIdentifier>{93995380-89BD-4b04-88EB-625FBE52EBFB}</UniqueIdentifier>
      <Extensions>h;hpp;hxx;hm;inl;inc;xsd</Extensions>
    </Filter>
    <Filter Include="Resource Files">
      <UniqueIdentifier>{67DA6AB6-F800-4c08-8B7A-83BB121AAD01}</UniqueIdentifier>
      <Extensions>rc;ico;cur;bmp;dlg;rc2;rct;bin;rgs;gif;jpg;jpeg;jpe;resx;tiff;tif;png;wav;mfcribbon-ms</Extensions>
    </Filter>
    <Filter Include="Header Files\common">
      <UniqueIdentifier>{14ee42b8-aaff-46b2-8158-81e5180c1573}</UniqueIdentifier>
    </Filter>
    <Filter Include="Source Files\common">
      <UniqueIdentifier>{8937c397-a11b-4a69-98ee-09dedf042315}</UniqueIdentifier>
    </Filter>
    <Filter Include="Source Files\shared">
      <UniqueIdentifier>{d799ecb6-454a-47d5-a525-f12b588ffeb7}</UniqueIdentifier>
    </Filter>
    <Filter Include="Header Files\shared">
      <UniqueIdentifier>{0909b955-a263-495c-8d26-30dac6643391}</UniqueIdentifier>
    </Filter>
    <Filter Include="Header Files\gameui">
      <UniqueIdentifier>{1a8f5fa3-1f79-4ced-918f-182d32b5ff5c}</UniqueIdentifier>
    </Filter>
    <Filter Include="Source Files\gameui">
      <UniqueIdentifier>{aeb20ae1-bc5f-4ed0-ae91-1b17987eefdc}</UniqueIdentifier>
    </Filter>
    <Filter Include="Source Files\rendering">
      <UniqueIdentifier>{d9f2c1f0-7d2c-490c-997a-1e1c0413ca35}</UniqueIdentifier>
    </Filter>
    <Filter Include="Header Files\rendering">
      <UniqueIdentifier>{c4315af4-51a2-4f52-b831-4a0139319c90}</UniqueIdentifier>
    </Filter>
  </ItemGroup>
  <ItemGroup>
    <ClCompile Include="..\common\cstring.cpp">
      <Filter>Source Files\common</Filter>
    </ClCompile>
    <ClCompile Include="..\common\common.cpp">
      <Filter>Source Files\common</Filter>
    </ClCompile>
    <ClCompile Include="view.cpp">
      <Filter>Source Files</Filter>
    </ClCompile>
    <ClCompile Include="..\shared\playermove.cpp">
      <Filter>Source Files\shared</Filter>
    </ClCompile>
    <ClCompile Include="..\shared\stepsound.cpp">
      <Filter>Source Files\shared</Filter>
    </ClCompile>
    <ClCompile Include="entitymanager.cpp">
      <Filter>Source Files</Filter>
    </ClCompile>
    <ClCompile Include="viewmodel.cpp">
      <Filter>Source Files</Filter>
    </ClCompile>
    <ClCompile Include="..\shared\vbm_shared.cpp">
      <Filter>Source Files\shared</Filter>
    </ClCompile>
    <ClCompile Include="..\shared\decallist.cpp">
      <Filter>Source Files\shared</Filter>
    </ClCompile>
    <ClCompile Include="..\common\md5.cpp">
      <Filter>Source Files\common</Filter>
    </ClCompile>
    <ClCompile Include="clientdll.cpp">
      <Filter>Source Files</Filter>
    </ClCompile>
    <ClCompile Include="input.cpp">
      <Filter>Source Files</Filter>
    </ClCompile>
    <ClCompile Include="shake.cpp">
      <Filter>Source Files</Filter>
    </ClCompile>
    <ClCompile Include="messages.cpp">
      <Filter>Source Files</Filter>
    </ClCompile>
    <ClCompile Include="..\common\matrix.cpp">
      <Filter>Source Files\common</Filter>
    </ClCompile>
    <ClCompile Include="saytext.cpp">
      <Filter>Source Files</Filter>
    </ClCompile>
    <ClCompile Include="gameuielements.cpp">
      <Filter>Source Files\gameui</Filter>
    </ClCompile>
    <ClCompile Include="gameuimanager.cpp">
      <Filter>Source Files\gameui</Filter>
    </ClCompile>
    <ClCompile Include="gameuitextwindow.cpp">
      <Filter>Source Files\gameui</Filter>
    </ClCompile>
    <ClCompile Include="draw.cpp">
      <Filter>Source Files\rendering</Filter>
    </ClCompile>
    <ClCompile Include="hud.cpp">
      <Filter>Source Files\rendering</Filter>
    </ClCompile>
    <ClCompile Include="huddraw.cpp">
      <Filter>Source Files\rendering</Filter>
    </ClCompile>
    <ClCompile Include="..\common\r_common.cpp">
      <Filter>Source Files\common</Filter>
    </ClCompile>
    <ClCompile Include="gameuiloginwindow.cpp">
      <Filter>Source Files\gameui</Filter>
    </ClCompile>
    <ClCompile Include="gameuikeypadwindow.cpp">
      <Filter>Source Files\gameui</Filter>
    </ClCompile>
    <ClCompile Include="gameuisubwaywindow.cpp">
      <Filter>Source Files\gameui</Filter>
    </ClCompile>
    <ClCompile Include="ladder.cpp">
      <Filter>Source Files</Filter>
    </ClCompile>
    <ClCompile Include="motorbike.cpp">
      <Filter>Source Files</Filter>
    </ClCompile>
    <ClCompile Include="viewcontroller.cpp">
      <Filter>Source Files</Filter>
    </ClCompile>
    <ClCompile Include="clientusermsgs.cpp">
      <Filter>Source Files</Filter>
    </ClCompile>
    <ClCompile Include="cliententities.cpp">
      <Filter>Source Files</Filter>
    </ClCompile>
    <ClCompile Include="..\shared\weapons_shared.cpp">
      <Filter>Source Files\shared</Filter>
    </ClCompile>
    <ClCompile Include="animevents.cpp">
      <Filter>Source Files</Filter>
    </ClCompile>
    <ClCompile Include="screentext.cpp">
      <Filter>Source Files\rendering</Filter>
    </ClCompile>
    <ClCompile Include="..\common\crc32.cpp">
      <Filter>Source Files\common</Filter>
    </ClCompile>
    <ClCompile Include="nodedebug.cpp">
      <Filter>Source Files\rendering</Filter>
    </ClCompile>
    <ClCompile Include="..\shared\r_glextf.cpp">
      <Filter>Source Files\shared</Filter>
    </ClCompile>
    <ClCompile Include="..\shared\r_vbo.cpp">
      <Filter>Source Files\shared</Filter>
    </ClCompile>
    <ClCompile Include="..\shared\r_glsl.cpp">
      <Filter>Source Files\shared</Filter>
    </ClCompile>
    <ClCompile Include="gameuiobjectiveswindow.cpp">
      <Filter>Source Files\gameui</Filter>
    </ClCompile>
    <ClCompile Include="..\common\cbuffer.cpp">
      <Filter>Source Files\common</Filter>
    </ClCompile>
    <ClCompile Include="clshared.cpp">
      <Filter>Source Files</Filter>
    </ClCompile>
  </ItemGroup>
  <ItemGroup>
    <ClInclude Include="clientdll.h">
      <Filter>Header Files</Filter>
    </ClInclude>
    <ClInclude Include="..\common\carray.h">
      <Filter>Header Files\common</Filter>
    </ClInclude>
    <ClInclude Include="..\common\carray_inline.hpp">
      <Filter>Header Files\common</Filter>
    </ClInclude>
    <ClInclude Include="..\common\clinkedlist.h">
      <Filter>Header Files\common</Filter>
    </ClInclude>
    <ClInclude Include="..\common\clinkedlist_inline.hpp">
      <Filter>Header Files\common</Filter>
    </ClInclude>
    <ClInclude Include="..\common\com_math.h">
      <Filter>Header Files\common</Filter>
    </ClInclude>
    <ClInclude Include="..\common\com_math_inline.hpp">
      <Filter>Header Files\common</Filter>
    </ClInclude>
    <ClInclude Include="..\common\common_inline.hpp">
      <Filter>Header Files\common</Filter>
    </ClInclude>
    <ClInclude Include="..\common\cstring.h">
      <Filter>Header Files\common</Filter>
    </ClInclude>
    <ClInclude Include="..\common\cstring_inline.hpp">
      <Filter>Header Files\common</Filter>
    </ClInclude>
    <ClInclude Include="..\common\vector.h">
      <Filter>Header Files\common</Filter>
    </ClInclude>
    <ClInclude Include="..\common\vector_inline.hpp">
      <Filter>Header Files\common</Filter>
    </ClInclude>
    <ClInclude Include="..\common\common.h">
      <Filter>Header Files\common</Filter>
    </ClInclude>
    <ClInclude Include="view.h">
      <Filter>Header Files</Filter>
    </ClInclude>
    <ClInclude Include="..\common\cache_model.h">
      <Filter>Header Files\common</Filter>
    </ClInclude>
    <ClInclude Include="..\common\buttonbits.h">
      <Filter>Header Files\common</Filter>
    </ClInclude>
    <ClInclude Include="..\shared\playermove.h">
      <Filter>Header Files\shared</Filter>
    </ClInclude>
    <ClInclude Include="..\shared\stepsound.h">
      <Filter>Header Files\shared</Filter>
    </ClInclude>
    <ClInclude Include="entitymanager.h">
      <Filter>Header Files</Filter>
    </ClInclude>
    <ClInclude Include="..\common\entitydata.h">
      <Filter>Header Files\common</Filter>
    </ClInclude>
    <ClInclude Include="..\shared\entity_extrainfo.h">
      <Filter>Header Files\shared</Filter>
    </ClInclude>
    <ClInclude Include="..\shared\mlight.h">
      <Filter>Header Files\shared</Filter>
    </ClInclude>
    <ClInclude Include="..\shared\flex_shared.h">
      <Filter>Header Files\shared</Filter>
    </ClInclude>
    <ClInclude Include="viewmodel.h">
      <Filter>Header Files</Filter>
    </ClInclude>
    <ClInclude Include="..\shared\vbm_shared.h">
      <Filter>Header Files\shared</Filter>
    </ClInclude>
    <ClInclude Include="..\shared\decallist.h">
      <Filter>Header Files\shared</Filter>
    </ClInclude>
    <ClInclude Include="..\common\hashlist.h">
      <Filter>Header Files\common</Filter>
    </ClInclude>
    <ClInclude Include="..\common\hashlist_inline.hpp">
      <Filter>Header Files\common</Filter>
    </ClInclude>
    <ClInclude Include="..\common\md5.h">
      <Filter>Header Files\common</Filter>
    </ClInclude>
    <ClInclude Include="..\shared\efxapi.h">
      <Filter>Header Files\shared</Filter>
    </ClInclude>
    <ClInclude Include="..\common\msgreader.h">
      <Filter>Header Files\common</Filter>
    </ClInclude>
    <ClInclude Include="..\common\msgreader_inline.hpp">
      <Filter>Header Files\common</Filter>
    </ClInclude>
    <ClInclude Include="..\shared\flexmanager.h">
      <Filter>Header Files\shared</Filter>
    </ClInclude>
    <ClInclude Include="input.h">
      <Filter>Header Files</Filter>
    </ClInclude>
    <ClInclude Include="shake.h">
      <Filter>Header Files</Filter>
    </ClInclude>
    <ClInclude Include="messages.h">
      <Filter>Header Files</Filter>
    </ClInclude>
    <ClInclude Include="..\common\matrix.h">
      <Filter>Header Files\common</Filter>
    </ClInclude>
    <ClInclude Include="..\shared\cldll_interface.h">
      <Filter>Header Files\shared</Filter>
    </ClInclude>
    <ClInclude Include="saytext.h">
      <Filter>Header Files</Filter>
    </ClInclude>
    <ClInclude Include="gameuielements.h">
      <Filter>Header Files\gameui</Filter>
    </ClInclude>
    <ClInclude Include="gameuimanager.h">
      <Filter>Header Files\gameui</Filter>
    </ClInclude>
    <ClInclude Include="gameuitextwindow.h">
      <Filter>Header Files\gameui</Filter>
    </ClInclude>
    <ClInclude Include="hud.h">
      <Filter>Header Files\rendering</Filter>
    </ClInclude>
    <ClInclude Include="huddraw.h">
      <Filter>Header Files\rendering</Filter>
    </ClInclude>
    <ClInclude Include="draw.h">
      <Filter>Header Files\rendering</Filter>
    </ClInclude>
    <ClInclude Include="..\common\r_common.h">
      <Filter>Header Files\common</Filter>
    </ClInclude>
    <ClInclude Include="gameuiloginwindow.h">
      <Filter>Header Files\gameui</Filter>
    </ClInclude>
    <ClInclude Include="gameuikeypadwindow.h">
      <Filter>Header Files\gameui</Filter>
    </ClInclude>
    <ClInclude Include="gameuisubwaywindow.h">
      <Filter>Header Files\gameui</Filter>
    </ClInclude>
    <ClInclude Include="gameuiwindows_shared.h">
      <Filter>Header Files\gameui</Filter>
    </ClInclude>
    <ClInclude Include="..\shared\gameui_shared.h">
      <Filter>Header Files\shared</Filter>
    </ClInclude>
    <ClInclude Include="ladder.h">
      <Filter>Header Files</Filter>
    </ClInclude>
    <ClInclude Include="..\shared\ladder_shared.h">
      <Filter>Header Files\shared</Filter>
    </ClInclude>
    <ClInclude Include="..\shared\bike_shared.h">
      <Filter>Header Files\shared</Filter>
    </ClInclude>
    <ClInclude Include="motorbike.h">
      <Filter>Header Files</Filter>
    </ClInclude>
    <ClInclude Include="viewcontroller.h">
      <Filter>Header Files</Filter>
    </ClInclude>
    <ClInclude Include="..\shared\vcontroller_shared.h">
      <Filter>Header Files\shared</Filter>
    </ClInclude>
    <ClInclude Include="nodedebug.h">
      <Filter>Header Files\rendering</Filter>
    </ClInclude>
    <ClInclude Include="clientusermsgs.h">
      <Filter>Header Files</Filter>
    </ClInclude>
    <ClInclude Include="..\shared\brushmodel_shared.h">
      <Filter>Header Files\shared</Filter>
    </ClInclude>
    <ClInclude Include="animevents.h">
      <Filter>Header Files</Filter>
    </ClInclude>
    <ClInclude Include="cliententities.h">
      <Filter>Header Files</Filter>
    </ClInclude>
    <ClInclude Include="screentext.h">
      <Filter>Header Files\rendering</Filter>
    </ClInclude>
    <ClInclude Include="..\common\crc32.h">
      <Filter>Header Files\common</Filter>
    </ClInclude>
    <ClInclude Include="..\shared\r_glextf.h">
      <Filter>Header Files\shared</Filter>
    </ClInclude>
    <ClInclude Include="..\shared\r_vbo.h">
      <Filter>Header Files\shared</Filter>
    </ClInclude>
    <ClInclude Include="..\shared\r_glsl.h">
      <Filter>Header Files\shared</Filter>
    </ClInclude>
    <ClInclude Include="..\shared\r_glsl_inline.hpp">
      <Filter>Header Files\shared</Filter>
    </ClInclude>
    <ClInclude Include="..\shared\r_interface.h">
      <Filter>Header Files\shared</Filter>
    </ClInclude>
    <ClInclude Include="..\shared\blackhole_shared.h">
      <Filter>Header Files\shared</Filter>
    </ClInclude>
    <ClInclude Include="..\common\constants.h">
      <Filter>Header Files\common</Filter>
    </ClInclude>
    <ClInclude Include="gameuiobjectiveswindow.h">
      <Filter>Header Files\gameui</Filter>
    </ClInclude>
    <ClInclude Include="..\common\cbuffer.h">
      <Filter>Header Files\common</Filter>
    </ClInclude>
    <ClInclude Include="..\common\cbuffer_inline.hpp">
      <Filter>Header Files\common</Filter>
    </ClInclude>
    <ClInclude Include="clshared.h">
      <Filter>Header Files</Filter>
    </ClInclude>
  </ItemGroup>
</Project>