<?xml version="1.0" encoding="utf-8"?>
<Project ToolsVersion="4.0" xmlns="http://schemas.microsoft.com/developer/msbuild/2003">
  <ItemGroup>
    <ClCompile Include=".\compilerwindow.cpp">
      <Filter>Source Files</Filter>
    </ClCompile>
    <ClCompile Include=".\config.cpp">
      <Filter>Source Files</Filter>
    </ClCompile>
    <ClCompile Include=".\controlpanel.cpp">
      <Filter>Source Files</Filter>
    </ClCompile>
    <ClCompile Include=".\fileassociation.cpp">
      <Filter>Source Files</Filter>
    </ClCompile>
    <ClCompile Include=".\glwindow.cpp">
      <Filter>Source Files</Filter>
    </ClCompile>
    <ClCompile Include=".\mdlviewer.cpp">
      <Filter>Source Files</Filter>
    </ClCompile>
    <ClCompile Include=".\optionswindow.cpp">
      <Filter>Source Files</Filter>
    </ClCompile>
    <ClCompile Include=".\util.cpp">
      <Filter>Source Files</Filter>
    </ClCompile>
    <ClCompile Include="..\..\shared\flexmanager.cpp">
      <Filter>Source Files\shared</Filter>
    </ClCompile>
    <ClCompile Include="..\..\shared\r_glextf.cpp">
      <Filter>Source Files\shared</Filter>
    </ClCompile>
    <ClCompile Include="..\..\shared\r_glsl.cpp">
      <Filter>Source Files\shared</Filter>
    </ClCompile>
    <ClCompile Include="..\..\shared\r_vbo.cpp">
      <Filter>Source Files\shared</Filter>
    </ClCompile>
    <ClCompile Include="..\..\shared\texturemanager.cpp">
      <Filter>Source Files\shared</Filter>
    </ClCompile>
    <ClCompile Include="..\..\shared\vbm_shared.cpp">
      <Filter>Source Files\shared</Filter>
    </ClCompile>
    <ClCompile Include="..\..\common\common.cpp">
      <Filter>Source Files\common</Filter>
    </ClCompile>
    <ClCompile Include="..\..\common\cstring.cpp">
      <Filter>Source Files\common</Filter>
    </ClCompile>
    <ClCompile Include="..\..\common\dds.cpp">
      <Filter>Source Files\common</Filter>
    </ClCompile>
    <ClCompile Include="..\..\common\matrix.cpp">
      <Filter>Source Files\common</Filter>
    </ClCompile>
    <ClCompile Include="..\..\common\r_common.cpp">
      <Filter>Source Files\common</Filter>
    </ClCompile>
    <ClCompile Include="..\..\common\tga.cpp">
      <Filter>Source Files\common</Filter>
    </ClCompile>
    <ClCompile Include=".\viewerstate.cpp">
      <Filter>Source Files</Filter>
    </ClCompile>
    <ClCompile Include=".\r_vbmbasic.cpp">
      <Filter>Source Files</Filter>
    </ClCompile>
    <ClCompile Include="..\..\shared\r_basicdraw.cpp">
      <Filter>Source Files\shared</Filter>
    </ClCompile>
    <ClCompile Include=".\main.cpp">
      <Filter>Source Files</Filter>
    </ClCompile>
  </ItemGroup>
  <ItemGroup>
    <ClInclude Include=".\compilerwindow.h">
      <Filter>Header Files</Filter>
    </ClInclude>
    <ClInclude Include=".\controlpanel.h">
      <Filter>Header Files</Filter>
    </ClInclude>
    <ClInclude Include=".\fileassociation.h">
      <Filter>Header Files</Filter>
    </ClInclude>
    <ClInclude Include=".\glwindow.h">
      <Filter>Header Files</Filter>
    </ClInclude>
    <ClInclude Include=".\mdlviewer.h">
      <Filter>Header Files</Filter>
    </ClInclude>
    <ClInclude Include=".\resource.h">
      <Filter>Header Files</Filter>
    </ClInclude>
    <ClInclude Include=".\optionswindow.h">
      <Filter>Header Files</Filter>
    </ClInclude>
    <ClInclude Include=".\util.h">
      <Filter>Header Files</Filter>
    </ClInclude>
    <ClInclude Include=".\cnfig.h" />
    <ClInclude Include="..\..\common\animevent.h">
      <Filter>Header Files\common</Filter>
    </ClInclude>
    <ClInclude Include="..\..\common\carray.h">
      <Filter>Header Files\common</Filter>
    </ClInclude>
    <ClInclude Include="..\..\common\carray_inline.hpp">
      <Filter>Header Files\common</Filter>
    </ClInclude>
    <ClInclude Include="..\..\common\clinkedlist.h">
      <Filter>Header Files\common</Filter>
    </ClInclude>
    <ClInclude Include="..\..\common\clinkedlist_inline.hpp">
      <Filter>Header Files\common</Filter>
    </ClInclude>
    <ClInclude Include="..\..\common\com_math.h">
      <Filter>Header Files\common</Filter>
    </ClInclude>
    <ClInclude Include="..\..\common\com_math_inline.hpp">
      <Filter>Header Files\common</Filter>
    </ClInclude>
    <ClInclude Include="..\..\common\common.h">
      <Filter>Header Files\common</Filter>
    </ClInclude>
    <ClInclude Include="..\..\common\common_inline.hpp">
      <Filter>Header Files\common</Filter>
    </ClInclude>
    <ClInclude Include="..\..\common\const.h">
      <Filter>Header Files\common</Filter>
    </ClInclude>
    <ClInclude Include="..\..\common\datatypes.h">
      <Filter>Header Files\common</Filter>
    </ClInclude>
    <ClInclude Include="..\..\common\dds.h">
      <Filter>Header Files\common</Filter>
    </ClInclude>
    <ClInclude Include="..\..\common\file_interface.h">
      <Filter>Header Files\common</Filter>
    </ClInclude>
    <ClInclude Include="..\..\common\matrix.h">
      <Filter>Header Files\common</Filter>
    </ClInclude>
    <ClInclude Include="..\..\common\tgaformat.h">
      <Filter>Header Files\common</Filter>
    </ClInclude>
    <ClInclude Include="..\..\common\vector.h">
      <Filter>Header Files\common</Filter>
    </ClInclude>
    <ClInclude Include="..\..\common\vector_inline.hpp">
      <Filter>Header Files\common</Filter>
    </ClInclude>
    <ClInclude Include="..\..\shared\flexmanager.h">
      <Filter>Header Files\shared</Filter>
    </ClInclude>
    <ClInclude Include="..\..\shared\includes.h">
      <Filter>Header Files\shared</Filter>
    </ClInclude>
    <ClInclude Include="..\..\shared\r_glextf.h">
      <Filter>Header Files\shared</Filter>
    </ClInclude>
    <ClInclude Include="..\..\shared\r_glsl.h">
      <Filter>Header Files\shared</Filter>
    </ClInclude>
    <ClInclude Include="..\..\shared\r_glsl_inline.hpp">
      <Filter>Header Files\shared</Filter>
    </ClInclude>
    <ClInclude Include="..\..\shared\r_vbo.h">
      <Filter>Header Files\shared</Filter>
    </ClInclude>
    <ClInclude Include="..\..\shared\texturemanager.h">
      <Filter>Header Files\shared</Filter>
    </ClInclude>
    <ClInclude Include="..\..\shared\textures_shared.h">
      <Filter>Header Files\shared</Filter>
    </ClInclude>
    <ClInclude Include="..\..\shared\vbmformat.h">
      <Filter>Header Files\shared</Filter>
    </ClInclude>
    <ClInclude Include="..\..\common\r_common.h">
      <Filter>Header Files\common</Filter>
    </ClInclude>
    <ClInclude Include=".\viewerstate.h">
      <Filter>Header Files</Filter>
    </ClInclude>
    <ClInclude Include=".\r_vbmbasic.h">
      <Filter>Header Files</Filter>
    </ClInclude>
    <ClInclude Include="..\..\shared\r_basicdraw.h">
      <Filter>Header Files\shared</Filter>
    </ClInclude>
  </ItemGroup>
  <ItemGroup>
    <Filter Include="Source Files">
      <UniqueIdentifier>{09a7a30d-d457-4636-8051-81c7ac07cf2e}</UniqueIdentifier>
    </Filter>
    <Filter Include="Header Files">
      <UniqueIdentifier>{9b84b098-cdf2-4adb-988c-36122b59e3fa}</UniqueIdentifier>
    </Filter>
    <Filter Include="Resources">
      <UniqueIdentifier>{c19c9ab0-0d90-41eb-8405-867ad52c4378}</UniqueIdentifier>
    </Filter>
    <Filter Include="Source Files\common">
      <UniqueIdentifier>{596802c3-be39-4aa8-bbd5-68f848e9ab88}</UniqueIdentifier>
    </Filter>
    <Filter Include="Source Files\shared">
      <UniqueIdentifier>{82278def-7cf8-48ac-8d7f-ae7203a71a65}</UniqueIdentifier>
    </Filter>
    <Filter Include="Header Files\common">
      <UniqueIdentifier>{065e7f5c-2e69-4f62-88b2-94874bb4514a}</UniqueIdentifier>
    </Filter>
    <Filter Include="Header Files\shared">
      <UniqueIdentifier>{271c4b1c-291c-45ec-9c8c-049bc5542e3e}</UniqueIdentifier>
    </Filter>
  </ItemGroup>
  <ItemGroup>
    <ResourceCompile Include=".\hlmviewer.rc">
      <Filter>Resources</Filter>
    </ResourceCompile>
  </ItemGroup>
  <ItemGroup>
    <None Include=".\icon1.ico">
      <Filter>Resources</Filter>
    </None>
  </ItemGroup>
</Project>