<?xml version="1.0" encoding="utf-8"?>
<Project ToolsVersion="4.0" xmlns="http://schemas.microsoft.com/developer/msbuild/2003">
  <ItemGroup>
    <Filter Include="Source Files">
      <UniqueIdentifier>{4FC737F1-C7A5-4376-A066-2A32D752A2FF}</UniqueIdentifier>
      <Extensions>cpp;c;cc;cxx;def;odl;idl;hpj;bat;asm;asmx</Extensions>
    </Filter>
    <Filter Include="Source Files\common">
      <UniqueIdentifier>{8058e707-97cd-49f6-bccf-12b07b15c9a2}</UniqueIdentifier>
    </Filter>
    <Filter Include="Header Files">
      <UniqueIdentifier>{93995380-89BD-4b04-88EB-625FBE52EBFB}</UniqueIdentifier>
      <Extensions>h;hpp;hxx;hm;inl;inc;xsd</Extensions>
    </Filter>
    <Filter Include="Header Files\common">
      <UniqueIdentifier>{165cfcc9-3743-4978-a6fc-441e17c0272d}</UniqueIdentifier>
    </Filter>
    <Filter Include="Header Files\renderer">
      <UniqueIdentifier>{4fe91857-0783-4168-a3e9-86d3ec8e5687}</UniqueIdentifier>
    </Filter>
    <Filter Include="Header Files\ui">
      <UniqueIdentifier>{07005e88-1641-4bb9-8f89-838de44afe62}</UniqueIdentifier>
    </Filter>
    <Filter Include="Source Files\ui">
      <UniqueIdentifier>{7ce3680f-94e6-4fb8-8ef8-6c040dcc87b5}</UniqueIdentifier>
    </Filter>
    <Filter Include="Source Files\client">
      <UniqueIdentifier>{db048224-e616-40fb-8732-7e98f374a4bc}</UniqueIdentifier>
    </Filter>
    <Filter Include="Header Files\server">
      <UniqueIdentifier>{ded1b7fb-b260-48f3-9639-b542695c1afa}</UniqueIdentifier>
    </Filter>
    <Filter Include="Header Files\client">
      <UniqueIdentifier>{7321c01b-4821-49c3-b2cb-65802f926724}</UniqueIdentifier>
    </Filter>
    <Filter Include="Header Files\Resource Files">
      <UniqueIdentifier>{67DA6AB6-F800-4c08-8B7A-83BB121AAD01}</UniqueIdentifier>
      <Extensions>rc;ico;cur;bmp;dlg;rc2;rct;bin;rgs;gif;jpg;jpeg;jpe;resx;tiff;tif;png;wav</Extensions>
    </Filter>
    <Filter Include="Source Files\networking">
      <UniqueIdentifier>{0ec34a9b-8e17-4bb8-8584-0d20fb3da5db}</UniqueIdentifier>
    </Filter>
    <Filter Include="Header Files\networking">
      <UniqueIdentifier>{95d48b88-0ffb-4879-a5dd-95fce264ee18}</UniqueIdentifier>
    </Filter>
    <Filter Include="Source Files\renderer">
      <UniqueIdentifier>{a7a83a6e-1724-47cc-81b4-3e1217a5d7ad}</UniqueIdentifier>
    </Filter>
    <Filter Include="Source Files\server">
      <UniqueIdentifier>{bbc8d7fe-7fb1-4f84-870f-9edd7e50b541}</UniqueIdentifier>
    </Filter>
    <Filter Include="Header Files\shared">
      <UniqueIdentifier>{5c367ed1-ca89-41a6-abb6-43650b1bc700}</UniqueIdentifier>
    </Filter>
    <Filter Include="Source Files\shared">
      <UniqueIdentifier>{56a3ff53-a1f0-4484-8bf2-75a5a83cee67}</UniqueIdentifier>
    </Filter>
    <Filter Include="Source Files\rygsdxtc">
      <UniqueIdentifier>{7c91c26b-ccdf-4ce1-a02d-13b12aac0034}</UniqueIdentifier>
    </Filter>
    <Filter Include="Header Files\rygsdxtc">
      <UniqueIdentifier>{f15ddfb2-97ca-4e2c-a9bb-733c594ebb27}</UniqueIdentifier>
    </Filter>
    <Filter Include="Header Files\bsp">
      <UniqueIdentifier>{f56f443b-42bf-400c-b0d3-2ccd47f1b46a}</UniqueIdentifier>
    </Filter>
    <Filter Include="Source Files\bsp">
      <UniqueIdentifier>{5a91db28-48f1-47ad-962f-2e04ce49c8db}</UniqueIdentifier>
    </Filter>
    <Filter Include="Source Files\ui\windows">
      <UniqueIdentifier>{c38eef22-e7c4-4f89-9ef1-d3561b078611}</UniqueIdentifier>
    </Filter>
    <Filter Include="Header Files\ui\windows">
      <UniqueIdentifier>{490b317a-28a5-4e64-b1b8-fa9426a06071}</UniqueIdentifier>
    </Filter>
  </ItemGroup>
  <ItemGroup>
    <ClCompile Include="main.cpp">
      <Filter>Source Files</Filter>
    </ClCompile>
    <ClCompile Include="system.cpp">
      <Filter>Source Files</Filter>
    </ClCompile>
    <ClCompile Include="vid.cpp">
      <Filter>Source Files</Filter>
    </ClCompile>
    <ClCompile Include="window.cpp">
      <Filter>Source Files</Filter>
    </ClCompile>
    <ClCompile Include="config.cpp">
      <Filter>Source Files</Filter>
    </ClCompile>
    <ClCompile Include="..\common\logfile.cpp">
      <Filter>Source Files\common</Filter>
    </ClCompile>
    <ClCompile Include="..\common\cstring.cpp">
      <Filter>Source Files\common</Filter>
    </ClCompile>
    <ClCompile Include="commands.cpp">
      <Filter>Source Files</Filter>
    </ClCompile>
    <ClCompile Include="input.cpp">
      <Filter>Source Files</Filter>
    </ClCompile>
    <ClCompile Include="..\common\tga.cpp">
      <Filter>Source Files\common</Filter>
    </ClCompile>
    <ClCompile Include="..\common\dds.cpp">
      <Filter>Source Files\common</Filter>
    </ClCompile>
    <ClCompile Include="..\common\matrix.cpp">
      <Filter>Source Files\common</Filter>
    </ClCompile>
    <ClCompile Include="renderer\r_main.cpp">
      <Filter>Source Files\renderer</Filter>
    </ClCompile>
    <ClCompile Include="renderer\r_text.cpp">
      <Filter>Source Files\renderer</Filter>
    </ClCompile>
    <ClCompile Include="sys_misc.cpp">
      <Filter>Source Files</Filter>
    </ClCompile>
    <ClCompile Include="renderer\r_menu.cpp">
      <Filter>Source Files\renderer</Filter>
    </ClCompile>
    <ClCompile Include="console.cpp">
      <Filter>Source Files</Filter>
    </ClCompile>
    <ClCompile Include="modelcache.cpp">
      <Filter>Source Files</Filter>
    </ClCompile>
    <ClCompile Include="sys_cmd.cpp">
      <Filter>Source Files</Filter>
    </ClCompile>
    <ClCompile Include="edictmanager.cpp">
      <Filter>Source Files</Filter>
    </ClCompile>
    <ClCompile Include="..\common\common.cpp">
      <Filter>Source Files\common</Filter>
    </ClCompile>
    <ClCompile Include="renderer\r_bsp.cpp">
      <Filter>Source Files\renderer</Filter>
    </ClCompile>
    <ClCompile Include="networking.cpp">
      <Filter>Source Files\networking</Filter>
    </ClCompile>
    <ClCompile Include="net_sp.cpp">
      <Filter>Source Files\networking</Filter>
    </ClCompile>
    <ClCompile Include="net_mp.cpp">
      <Filter>Source Files\networking</Filter>
    </ClCompile>
    <ClCompile Include="..\common\md5.cpp">
      <Filter>Source Files\common</Filter>
    </ClCompile>
    <ClCompile Include="..\common\cbitset.cpp">
      <Filter>Source Files\common</Filter>
    </ClCompile>
    <ClCompile Include="..\shared\cvar.cpp">
      <Filter>Source Files\shared</Filter>
    </ClCompile>
    <ClCompile Include="..\shared\frustum.cpp">
      <Filter>Source Files\shared</Filter>
    </ClCompile>
    <ClCompile Include="trace_shared.cpp">
      <Filter>Source Files\shared</Filter>
    </ClCompile>
    <ClCompile Include="renderer\r_vbm.cpp">
      <Filter>Source Files\renderer</Filter>
    </ClCompile>
    <ClCompile Include="renderer\r_dlights.cpp">
      <Filter>Source Files\renderer</Filter>
    </ClCompile>
    <ClCompile Include="renderer\r_rttcache.cpp">
      <Filter>Source Files\renderer</Filter>
    </ClCompile>
    <ClCompile Include="renderer\r_glowaura.cpp">
      <Filter>Source Files\renderer</Filter>
    </ClCompile>
    <ClCompile Include="renderer\r_decals.cpp">
      <Filter>Source Files\renderer</Filter>
    </ClCompile>
    <ClCompile Include="renderer\r_water.cpp">
      <Filter>Source Files\renderer</Filter>
    </ClCompile>
    <ClCompile Include="renderer\r_mirror.cpp">
      <Filter>Source Files\renderer</Filter>
    </ClCompile>
    <ClCompile Include="renderer\r_monitor.cpp">
      <Filter>Source Files\renderer</Filter>
    </ClCompile>
    <ClCompile Include="renderer\r_particles.cpp">
      <Filter>Source Files\renderer</Filter>
    </ClCompile>
    <ClCompile Include="..\shared\decallist.cpp">
      <Filter>Source Files\shared</Filter>
    </ClCompile>
    <ClCompile Include="renderer\r_sprites.cpp">
      <Filter>Source Files\renderer</Filter>
    </ClCompile>
    <ClCompile Include="sprite.cpp">
      <Filter>Source Files</Filter>
    </ClCompile>
    <ClCompile Include="renderer\r_cubemaps.cpp">
      <Filter>Source Files\renderer</Filter>
    </ClCompile>
    <ClCompile Include="renderer\r_postprocess.cpp">
      <Filter>Source Files\renderer</Filter>
    </ClCompile>
    <ClCompile Include="renderer\r_cables.cpp">
      <Filter>Source Files\renderer</Filter>
    </ClCompile>
    <ClCompile Include="..\shared\vbm_shared.cpp">
      <Filter>Source Files\shared</Filter>
    </ClCompile>
    <ClCompile Include="ald.cpp">
      <Filter>Source Files</Filter>
    </ClCompile>
    <ClCompile Include="..\common\cbuffer.cpp">
      <Filter>Source Files\common</Filter>
    </ClCompile>
    <ClCompile Include="..\shared\flexmanager.cpp">
      <Filter>Source Files\shared</Filter>
    </ClCompile>
    <ClCompile Include="client\cl_cmd.cpp">
      <Filter>Source Files\client</Filter>
    </ClCompile>
    <ClCompile Include="client\cl_efx.cpp">
      <Filter>Source Files\client</Filter>
    </ClCompile>
    <ClCompile Include="client\cl_main.cpp">
      <Filter>Source Files\client</Filter>
    </ClCompile>
    <ClCompile Include="client\cl_msg.cpp">
      <Filter>Source Files\client</Filter>
    </ClCompile>
    <ClCompile Include="client\cl_pmove.cpp">
      <Filter>Source Files\client</Filter>
    </ClCompile>
    <ClCompile Include="client\cl_predict.cpp">
      <Filter>Source Files\client</Filter>
    </ClCompile>
    <ClCompile Include="client\cl_resource.cpp">
      <Filter>Source Files\client</Filter>
    </ClCompile>
    <ClCompile Include="client\cl_snd.cpp">
      <Filter>Source Files\client</Filter>
    </ClCompile>
    <ClCompile Include="client\cl_utils.cpp">
      <Filter>Source Files\client</Filter>
    </ClCompile>
    <ClCompile Include="server\sv_entities.cpp">
      <Filter>Source Files\server</Filter>
    </ClCompile>
    <ClCompile Include="server\sv_main.cpp">
      <Filter>Source Files\server</Filter>
    </ClCompile>
    <ClCompile Include="server\sv_msg.cpp">
      <Filter>Source Files\server</Filter>
    </ClCompile>
    <ClCompile Include="server\sv_physics.cpp">
      <Filter>Source Files\server</Filter>
    </ClCompile>
    <ClCompile Include="renderer\r_legacyparticles.cpp">
      <Filter>Source Files\renderer</Filter>
    </ClCompile>
    <ClCompile Include="file.cpp">
      <Filter>Source Files</Filter>
    </ClCompile>
    <ClCompile Include="windows\uiconsolewindow.cpp">
      <Filter>Source Files\ui\windows</Filter>
    </ClCompile>
    <ClCompile Include="windows\uidownloadwindow.cpp">
      <Filter>Source Files\ui\windows</Filter>
    </ClCompile>
    <ClCompile Include="windows\uiexitwindow.cpp">
      <Filter>Source Files\ui\windows</Filter>
    </ClCompile>
    <ClCompile Include="windows\uinewgamewindow.cpp">
      <Filter>Source Files\ui\windows</Filter>
    </ClCompile>
    <ClCompile Include="windows\uisaveloadwindow.cpp">
      <Filter>Source Files\ui\windows</Filter>
    </ClCompile>
    <ClCompile Include="windows\uisettingswindow.cpp">
      <Filter>Source Files\ui\windows</Filter>
    </ClCompile>
    <ClCompile Include="client\cl_tempentities.cpp">
      <Filter>Source Files\client</Filter>
    </ClCompile>
    <ClCompile Include="renderer\r_interfacefuncs.cpp">
      <Filter>Source Files\renderer</Filter>
    </ClCompile>
    <ClCompile Include="vbmtrace.cpp">
      <Filter>Source Files</Filter>
    </ClCompile>
    <ClCompile Include=".\ui\uielements.cpp">
      <Filter>Source Files\ui</Filter>
    </ClCompile>
    <ClCompile Include="..\common\r_common.cpp">
      <Filter>Source Files\common</Filter>
    </ClCompile>
    <ClCompile Include="renderer\r_wadtextures.cpp">
      <Filter>Source Files\renderer</Filter>
    </ClCompile>
    <ClCompile Include="brushmodel.cpp">
      <Filter>Source Files</Filter>
    </ClCompile>
    <ClCompile Include="saverestore.cpp">
      <Filter>Source Files</Filter>
    </ClCompile>
    <ClCompile Include="enginefuncs.cpp">
      <Filter>Source Files</Filter>
    </ClCompile>
    <ClCompile Include="usermsg.cpp">
      <Filter>Source Files</Filter>
    </ClCompile>
    <ClCompile Include="rygsdxtc\stb_dxt.cpp">
      <Filter>Source Files\rygsdxtc</Filter>
    </ClCompile>
    <ClCompile Include="server\sv_world.cpp">
      <Filter>Source Files\server</Filter>
    </ClCompile>
    <ClCompile Include="sv_move.cpp">
      <Filter>Source Files\server</Filter>
    </ClCompile>
    <ClCompile Include="..\shared\r_glextf.cpp">
      <Filter>Source Files\shared</Filter>
    </ClCompile>
    <ClCompile Include="..\shared\r_glsl.cpp">
      <Filter>Source Files\shared</Filter>
    </ClCompile>
    <ClCompile Include="..\shared\r_vbo.cpp">
      <Filter>Source Files\shared</Filter>
    </ClCompile>
    <ClCompile Include="..\shared\sentencesfile.cpp">
      <Filter>Source Files\shared</Filter>
    </ClCompile>
    <ClCompile Include="..\common\ogg_common.cpp">
      <Filter>Source Files\common</Filter>
    </ClCompile>
    <ClCompile Include="renderer\r_nsmoothing.cpp">
      <Filter>Source Files\renderer</Filter>
    </ClCompile>
    <ClCompile Include="..\shared\texturemanager.cpp">
      <Filter>Source Files\shared</Filter>
    </ClCompile>
    <ClCompile Include="..\shared\r_basicdraw.cpp">
      <Filter>Source Files\shared</Filter>
    </ClCompile>
    <ClCompile Include="bspv30.cpp">
      <Filter>Source Files\bsp</Filter>
    </ClCompile>
    <ClCompile Include="pbspv1.cpp">
      <Filter>Source Files\bsp</Filter>
    </ClCompile>
    <ClCompile Include="renderer\r_beams.cpp">
      <Filter>Source Files\renderer</Filter>
    </ClCompile>
    <ClCompile Include="renderer\r_portals.cpp">
      <Filter>Source Files\renderer</Filter>
    </ClCompile>
    <ClCompile Include="renderer\r_blackhole.cpp">
      <Filter>Source Files\renderer</Filter>
    </ClCompile>
    <ClCompile Include="renderer\r_lensflare.cpp">
      <Filter>Source Files\renderer</Filter>
    </ClCompile>
    <ClCompile Include="renderer\r_glqueries.cpp">
      <Filter>Source Files\renderer</Filter>
    </ClCompile>
    <ClCompile Include="renderer\r_menuparticles.cpp">
      <Filter>Source Files\renderer</Filter>
    </ClCompile>
    <ClCompile Include="dllexports.cpp">
      <Filter>Source Files</Filter>
    </ClCompile>
    <ClCompile Include="..\shared\stepsound.cpp">
      <Filter>Source Files\shared</Filter>
    </ClCompile>
    <ClCompile Include="filewriterthread.cpp">
      <Filter>Source Files</Filter>
    </ClCompile>
    <ClCompile Include="renderer\r_sky.cpp">
      <Filter>Source Files\renderer</Filter>
    </ClCompile>
    <ClCompile Include="textschemas.cpp">
      <Filter>Source Files</Filter>
    </ClCompile>
    <ClCompile Include="uimanager.cpp">
      <Filter>Source Files\ui</Filter>
    </ClCompile>
  </ItemGroup>
  <ItemGroup>
    <ClInclude Include="system.h">
      <Filter>Header Files</Filter>
    </ClInclude>
    <ClInclude Include="vid.h">
      <Filter>Header Files</Filter>
    </ClInclude>
    <ClInclude Include="window.h">
      <Filter>Header Files</Filter>
    </ClInclude>
    <ClInclude Include="..\common\cstring.h">
      <Filter>Header Files\common</Filter>
    </ClInclude>
    <ClInclude Include="..\common\cstring_inline.hpp">
      <Filter>Header Files\common</Filter>
    </ClInclude>
    <ClInclude Include="..\common\carray.h">
      <Filter>Header Files\common</Filter>
    </ClInclude>
    <ClInclude Include="..\common\carray_inline.hpp">
      <Filter>Header Files\common</Filter>
    </ClInclude>
    <ClInclude Include="..\common\common_inline.hpp">
      <Filter>Header Files\common</Filter>
    </ClInclude>
    <ClInclude Include="..\common\logfile.h">
      <Filter>Header Files\common</Filter>
    </ClInclude>
    <ClInclude Include="input.h">
      <Filter>Header Files</Filter>
    </ClInclude>
    <ClInclude Include="..\common\clinkedlist.h">
      <Filter>Header Files\common</Filter>
    </ClInclude>
    <ClInclude Include="..\common\clinkedlist_inline.hpp">
      <Filter>Header Files\common</Filter>
    </ClInclude>
    <ClInclude Include="..\common\tga.h">
      <Filter>Header Files\common</Filter>
    </ClInclude>
    <ClInclude Include="..\common\dds.h">
      <Filter>Header Files\common</Filter>
    </ClInclude>
    <ClInclude Include="..\common\vector.h">
      <Filter>Header Files\common</Filter>
    </ClInclude>
    <ClInclude Include="..\common\vector_inline.hpp">
      <Filter>Header Files\common</Filter>
    </ClInclude>
    <ClInclude Include="..\common\matrix.h">
      <Filter>Header Files\common</Filter>
    </ClInclude>
    <ClInclude Include="renderer\r_main.h">
      <Filter>Header Files\renderer</Filter>
    </ClInclude>
    <ClInclude Include="..\common\com_math.h">
      <Filter>Header Files\common</Filter>
    </ClInclude>
    <ClInclude Include="..\common\com_math_inline.hpp">
      <Filter>Header Files\common</Filter>
    </ClInclude>
    <ClInclude Include="renderer\r_text.h">
      <Filter>Header Files\renderer</Filter>
    </ClInclude>
    <ClInclude Include="enginestate.h">
      <Filter>Header Files</Filter>
    </ClInclude>
    <ClInclude Include="console.h">
      <Filter>Header Files</Filter>
    </ClInclude>
    <ClInclude Include="config.h">
      <Filter>Header Files</Filter>
    </ClInclude>
    <ClInclude Include="resource.h">
      <Filter>Header Files</Filter>
    </ClInclude>
    <ClInclude Include="modelcache.h">
      <Filter>Header Files</Filter>
    </ClInclude>
    <ClInclude Include="edictmanager.h">
      <Filter>Header Files</Filter>
    </ClInclude>
    <ClInclude Include="..\common\common.h">
      <Filter>Header Files\common</Filter>
    </ClInclude>
    <ClInclude Include="..\shared\usercmd.h">
      <Filter>Header Files</Filter>
    </ClInclude>
    <ClInclude Include="renderer\r_bsp.h">
      <Filter>Header Files\renderer</Filter>
    </ClInclude>
    <ClInclude Include="..\common\datatypes.h">
      <Filter>Header Files</Filter>
    </ClInclude>
    <ClInclude Include="renderer\r_menu.h">
      <Filter>Header Files\renderer</Filter>
    </ClInclude>
    <ClInclude Include="commands.h">
      <Filter>Header Files</Filter>
    </ClInclude>
    <ClInclude Include="networking.h">
      <Filter>Header Files\networking</Filter>
    </ClInclude>
    <ClInclude Include="net_sp.h">
      <Filter>Header Files\networking</Filter>
    </ClInclude>
    <ClInclude Include="net_mp.h">
      <Filter>Header Files\networking</Filter>
    </ClInclude>
    <ClInclude Include="..\common\movevars.h">
      <Filter>Header Files\common</Filter>
    </ClInclude>
    <ClInclude Include="..\common\cl_entity.h">
      <Filter>Header Files\common</Filter>
    </ClInclude>
    <ClInclude Include="..\common\cache_model.h">
      <Filter>Header Files\common</Filter>
    </ClInclude>
    <ClInclude Include="savefile.h">
      <Filter>Header Files</Filter>
    </ClInclude>
    <ClInclude Include="..\common\tempentity.h">
      <Filter>Header Files</Filter>
    </ClInclude>
    <ClInclude Include="..\common\file_interface.h">
      <Filter>Header Files\common</Filter>
    </ClInclude>
    <ClInclude Include="..\common\md5.h">
      <Filter>Header Files\common</Filter>
    </ClInclude>
    <ClInclude Include="..\common\filechunk.h">
      <Filter>Header Files\common</Filter>
    </ClInclude>
    <ClInclude Include="..\common\cbitset.h">
      <Filter>Header Files\common</Filter>
    </ClInclude>
    <ClInclude Include="..\common\cbitset_inline.hpp">
      <Filter>Header Files\common</Filter>
    </ClInclude>
    <ClInclude Include="..\shared\net_shared.h">
      <Filter>Header Files\shared</Filter>
    </ClInclude>
    <ClInclude Include="..\shared\textures_shared.h">
      <Filter>Header Files\shared</Filter>
    </ClInclude>
    <ClInclude Include="..\shared\save_shared.h">
      <Filter>Header Files\shared</Filter>
    </ClInclude>
    <ClInclude Include="..\shared\snd_shared.h">
      <Filter>Header Files\shared</Filter>
    </ClInclude>
    <ClInclude Include="trace_shared.h">
      <Filter>Header Files\shared</Filter>
    </ClInclude>
    <ClInclude Include="..\shared\cvar.h">
      <Filter>Header Files\shared</Filter>
    </ClInclude>
    <ClInclude Include="..\shared\edict.h">
      <Filter>Header Files\shared</Filter>
    </ClInclude>
    <ClInclude Include="..\shared\cmd_shared.h">
      <Filter>Header Files\shared</Filter>
    </ClInclude>
    <ClInclude Include="..\shared\entity_state.h">
      <Filter>Header Files\shared</Filter>
    </ClInclude>
    <ClInclude Include="..\shared\frustum.h">
      <Filter>Header Files\shared</Filter>
    </ClInclude>
    <ClInclude Include="..\shared\frustum_inline.hpp">
      <Filter>Header Files\shared</Filter>
    </ClInclude>
    <ClInclude Include="..\shared\gamevars.h">
      <Filter>Header Files\shared</Filter>
    </ClInclude>
    <ClInclude Include="..\shared\includes.h">
      <Filter>Header Files\shared</Filter>
    </ClInclude>
    <ClInclude Include="..\shared\pm_shared.h">
      <Filter>Header Files\shared</Filter>
    </ClInclude>
    <ClInclude Include="..\shared\ref_params.h">
      <Filter>Header Files\shared</Filter>
    </ClInclude>
    <ClInclude Include="..\shared\trace.h">
      <Filter>Header Files\shared</Filter>
    </ClInclude>
    <ClInclude Include="..\common\plane.h">
      <Filter>Header Files\common</Filter>
    </ClInclude>
    <ClInclude Include="..\common\plane_inline.hpp">
      <Filter>Header Files\common</Filter>
    </ClInclude>
    <ClInclude Include="..\shared\studio.h">
      <Filter>Header Files\shared</Filter>
    </ClInclude>
    <ClInclude Include="..\shared\vbmformat.h">
      <Filter>Header Files\shared</Filter>
    </ClInclude>
    <ClInclude Include="renderer\r_vbm.h">
      <Filter>Header Files\renderer</Filter>
    </ClInclude>
    <ClInclude Include="renderer\r_dlights.h">
      <Filter>Header Files\renderer</Filter>
    </ClInclude>
    <ClInclude Include="..\shared\dlight.h">
      <Filter>Header Files\shared</Filter>
    </ClInclude>
    <ClInclude Include="renderer\r_rttcache.h">
      <Filter>Header Files\renderer</Filter>
    </ClInclude>
    <ClInclude Include="renderer\r_glowaura.h">
      <Filter>Header Files\renderer</Filter>
    </ClInclude>
    <ClInclude Include="renderer\r_decals.h">
      <Filter>Header Files\renderer</Filter>
    </ClInclude>
    <ClInclude Include="renderer\r_water.h">
      <Filter>Header Files\renderer</Filter>
    </ClInclude>
    <ClInclude Include="renderer\r_mirror.h">
      <Filter>Header Files\renderer</Filter>
    </ClInclude>
    <ClInclude Include="..\shared\monitor_shared.h">
      <Filter>Header Files\shared</Filter>
    </ClInclude>
    <ClInclude Include="renderer\r_monitor.h">
      <Filter>Header Files\renderer</Filter>
    </ClInclude>
    <ClInclude Include="renderer\r_particles.h">
      <Filter>Header Files\renderer</Filter>
    </ClInclude>
    <ClInclude Include="..\shared\decallist.h">
      <Filter>Header Files\shared</Filter>
    </ClInclude>
    <ClInclude Include="renderer\r_sprites.h">
      <Filter>Header Files\renderer</Filter>
    </ClInclude>
    <ClInclude Include="renderer\r_cubemaps.h">
      <Filter>Header Files\renderer</Filter>
    </ClInclude>
    <ClInclude Include="renderer\r_postprocess.h">
      <Filter>Header Files\renderer</Filter>
    </ClInclude>
    <ClInclude Include="..\shared\screenfade.h">
      <Filter>Header Files\shared</Filter>
    </ClInclude>
    <ClInclude Include="renderer\r_cables.h">
      <Filter>Header Files\renderer</Filter>
    </ClInclude>
    <ClInclude Include="..\common\aldformat.h">
      <Filter>Header Files\common</Filter>
    </ClInclude>
    <ClInclude Include="..\shared\vbm_shared.h">
      <Filter>Header Files\shared</Filter>
    </ClInclude>
    <ClInclude Include="..\common\cbuffer.h">
      <Filter>Header Files\common</Filter>
    </ClInclude>
    <ClInclude Include="..\common\cbuffer_inline.hpp">
      <Filter>Header Files\common</Filter>
    </ClInclude>
    <ClInclude Include="ald.h">
      <Filter>Header Files</Filter>
    </ClInclude>
    <ClInclude Include="client\cl_efx.h">
      <Filter>Header Files\client</Filter>
    </ClInclude>
    <ClInclude Include="client\cl_main.h">
      <Filter>Header Files\client</Filter>
    </ClInclude>
    <ClInclude Include="client\cl_msg.h">
      <Filter>Header Files\client</Filter>
    </ClInclude>
    <ClInclude Include="client\cl_pmove.h">
      <Filter>Header Files\client</Filter>
    </ClInclude>
    <ClInclude Include="client\cl_predict.h">
      <Filter>Header Files\client</Filter>
    </ClInclude>
    <ClInclude Include="client\cl_snd.h">
      <Filter>Header Files\client</Filter>
    </ClInclude>
    <ClInclude Include="client\cl_utils.h">
      <Filter>Header Files\client</Filter>
    </ClInclude>
    <ClInclude Include="server\sv_entities.h">
      <Filter>Header Files\server</Filter>
    </ClInclude>
    <ClInclude Include="server\sv_main.h">
      <Filter>Header Files\server</Filter>
    </ClInclude>
    <ClInclude Include="server\sv_msg.h">
      <Filter>Header Files\server</Filter>
    </ClInclude>
    <ClInclude Include="server\sv_physics.h">
      <Filter>Header Files\server</Filter>
    </ClInclude>
    <ClInclude Include="server\sv_shared.h">
      <Filter>Header Files\server</Filter>
    </ClInclude>
    <ClInclude Include="renderer\r_legacyparticles.h">
      <Filter>Header Files\renderer</Filter>
    </ClInclude>
    <ClInclude Include="..\shared\flex_shared.h">
      <Filter>Header Files\shared</Filter>
    </ClInclude>
    <ClInclude Include="file.h">
      <Filter>Header Files</Filter>
    </ClInclude>
    <ClInclude Include="windows\uiconsolewindow.h">
      <Filter>Header Files\ui\windows</Filter>
    </ClInclude>
    <ClInclude Include="windows\uidownloadwindow.h">
      <Filter>Header Files\ui\windows</Filter>
    </ClInclude>
    <ClInclude Include="windows\uiexitwindow.h">
      <Filter>Header Files\ui\windows</Filter>
    </ClInclude>
    <ClInclude Include="windows\uinewgamewindow.h">
      <Filter>Header Files\ui\windows</Filter>
    </ClInclude>
    <ClInclude Include="windows\uisaveloadwindow.h">
      <Filter>Header Files\ui\windows</Filter>
    </ClInclude>
    <ClInclude Include="windows\uisettingswindow.h">
      <Filter>Header Files\ui\windows</Filter>
    </ClInclude>
    <ClInclude Include="..\shared\fontset.h">
      <Filter>Header Files\shared</Filter>
    </ClInclude>
    <ClInclude Include="client\cl_tempentities.h">
      <Filter>Header Files\client</Filter>
    </ClInclude>
    <ClInclude Include="renderer\r_interfacefuncs.h">
      <Filter>Header Files\renderer</Filter>
    </ClInclude>
    <ClInclude Include="client\cl_resource.h">
      <Filter>Header Files\client</Filter>
    </ClInclude>
    <ClInclude Include="vbmtrace.h">
      <Filter>Header Files</Filter>
    </ClInclude>
    <ClInclude Include="..\shared\animinfo.h">
      <Filter>Header Files\shared</Filter>
    </ClInclude>
    <ClInclude Include=".\ui\uielements.h">
      <Filter>Header Files\ui</Filter>
    </ClInclude>
    <ClInclude Include=".\ui\ui_shared.h">
      <Filter>Header Files\ui</Filter>
    </ClInclude>
    <ClInclude Include="..\common\r_common.h">
      <Filter>Header Files\common</Filter>
    </ClInclude>
    <ClInclude Include="..\common\wad3file.h">
      <Filter>Header Files\common</Filter>
    </ClInclude>
    <ClInclude Include="renderer\r_wadtextures.h">
      <Filter>Header Files\renderer</Filter>
    </ClInclude>
    <ClInclude Include="usermsg.h">
      <Filter>Header Files</Filter>
    </ClInclude>
    <ClInclude Include="..\common\tgaformat.h">
      <Filter>Header Files\common</Filter>
    </ClInclude>
    <ClInclude Include="sprite.h">
      <Filter>Header Files</Filter>
    </ClInclude>
    <ClInclude Include="..\common\sprformat.h">
      <Filter>Header Files\common</Filter>
    </ClInclude>
    <ClInclude Include="saverestore.h">
      <Filter>Header Files</Filter>
    </ClInclude>
    <ClInclude Include="enginefuncs.h">
      <Filter>Header Files</Filter>
    </ClInclude>
    <ClInclude Include="rygsdxtc\stb_dxt.h">
      <Filter>Header Files\rygsdxtc</Filter>
    </ClInclude>
    <ClInclude Include="server\sv_world.h">
      <Filter>Header Files\server</Filter>
    </ClInclude>
    <ClInclude Include="sv_move.h">
      <Filter>Header Files\server</Filter>
    </ClInclude>
    <ClInclude Include="..\shared\r_basic_vertex.h">
      <Filter>Header Files\shared</Filter>
    </ClInclude>
    <ClInclude Include="..\shared\r_vbo.h">
      <Filter>Header Files\shared</Filter>
    </ClInclude>
    <ClInclude Include="..\shared\r_fbo.h">
      <Filter>Header Files\shared</Filter>
    </ClInclude>
    <ClInclude Include="..\shared\r_glextf.h">
      <Filter>Header Files\shared</Filter>
    </ClInclude>
    <ClInclude Include="..\shared\r_glsl.h">
      <Filter>Header Files\shared</Filter>
    </ClInclude>
    <ClInclude Include="..\shared\r_glsl_inline.hpp">
      <Filter>Header Files\shared</Filter>
    </ClInclude>
    <ClInclude Include="..\shared\r_interface.h">
      <Filter>Header Files\shared</Filter>
    </ClInclude>
    <ClInclude Include="..\shared\sentencesfile.h">
      <Filter>Header Files\shared</Filter>
    </ClInclude>
    <ClInclude Include="..\common\ogg_common.h">
      <Filter>Header Files\common</Filter>
    </ClInclude>
    <ClInclude Include="renderer\r_nsmoothing.h">
      <Filter>Header Files\renderer</Filter>
    </ClInclude>
    <ClInclude Include="..\shared\texturemanager.h">
      <Filter>Header Files\shared</Filter>
    </ClInclude>
    <ClInclude Include="..\shared\r_basicdraw.h">
      <Filter>Header Files\shared</Filter>
    </ClInclude>
    <ClInclude Include="..\common\bspv30file.h">
      <Filter>Header Files\common</Filter>
    </ClInclude>
    <ClInclude Include="..\common\pbspv1file.h">
      <Filter>Header Files\common</Filter>
    </ClInclude>
    <ClInclude Include="bspv30.h">
      <Filter>Header Files\bsp</Filter>
    </ClInclude>
    <ClInclude Include="..\common\miptex.h">
      <Filter>Header Files\common</Filter>
    </ClInclude>
    <ClInclude Include="pbspv1.h">
      <Filter>Header Files\bsp</Filter>
    </ClInclude>
    <ClInclude Include="buildcounter.h">
      <Filter>Header Files</Filter>
    </ClInclude>
    <ClInclude Include="..\shared\beam_shared.h">
      <Filter>Header Files\shared</Filter>
    </ClInclude>
    <ClInclude Include="renderer\r_beams.h">
      <Filter>Header Files\renderer</Filter>
    </ClInclude>
    <ClInclude Include="renderer\r_portals.h">
      <Filter>Header Files\renderer</Filter>
    </ClInclude>
    <ClInclude Include="renderer\r_blackhole.h">
      <Filter>Header Files\renderer</Filter>
    </ClInclude>
    <ClInclude Include="renderer\r_lensflare.h">
      <Filter>Header Files\renderer</Filter>
    </ClInclude>
    <ClInclude Include="renderer\r_glqueries.h">
      <Filter>Header Files\renderer</Filter>
    </ClInclude>
    <ClInclude Include="renderer\r_menuparticles.h">
      <Filter>Header Files\renderer</Filter>
    </ClInclude>
    <ClInclude Include="dllexports.h">
      <Filter>Header Files</Filter>
    </ClInclude>
    <ClInclude Include="..\common\constants.h">
      <Filter>Header Files\common</Filter>
    </ClInclude>
    <ClInclude Include="filewriterthread.h">
      <Filter>Header Files</Filter>
    </ClInclude>
    <ClInclude Include="renderer\r_sky.h">
      <Filter>Header Files\renderer</Filter>
    </ClInclude>
    <ClInclude Include="textschemas.h">
      <Filter>Header Files</Filter>
    </ClInclude>
    <ClInclude Include="uimanager.h">
      <Filter>Header Files\ui</Filter>
    </ClInclude>
  </ItemGroup>
  <ItemGroup>
    <None Include="icon1.ico">
      <Filter>Header Files\Resource Files</Filter>
    </None>
    <None Include="resource\reckoning.ico">
      <Filter>Header Files\Resource Files</Filter>
    </None>
  </ItemGroup>
  <ItemGroup>
    <ResourceCompile Include="pathos-engine.rc">
      <Filter>Header Files\Resource Files</Filter>
    </ResourceCompile>
  </ItemGroup>
</Project>