<?xml version="1.0" encoding="utf-8"?>
<Project ToolsVersion="4.0" xmlns="http://schemas.microsoft.com/developer/msbuild/2003">
  <ItemGroup>
    <Filter Include="Source Files">
      <UniqueIdentifier>{f03be1a2-4b54-4612-8d3c-30d2dc0b9e50}</UniqueIdentifier>
      <Extensions>cpp;c;cxx;rc;def;r;odl;idl;hpj;bat;for;f90</Extensions>
    </Filter>
    <Filter Include="Header Files">
      <UniqueIdentifier>{69ddd6a8-8ad7-4c3d-8f39-b0a68789525d}</UniqueIdentifier>
      <Extensions>h;hpp;hxx;hm;inl;fi;fd</Extensions>
    </Filter>
    <Filter Include="Resource Files">
      <UniqueIdentifier>{245d8365-52b6-4ab6-acb0-b6319836c1db}</UniqueIdentifier>
      <Extensions>ico;cur;bmp;dlg;rc2;rct;bin;cnt;rtf;gif;jpg;jpeg;jpe</Extensions>
    </Filter>
    <Filter Include="Header Files\common">
      <UniqueIdentifier>{c9743631-0b97-4544-bf55-8ed314aab359}</UniqueIdentifier>
    </Filter>
    <Filter Include="Source Files\common">
      <UniqueIdentifier>{fe6b2b05-557d-45da-b90e-57a65290865d}</UniqueIdentifier>
    </Filter>
    <Filter Include="Header Files\shared">
      <UniqueIdentifier>{8a947b9b-c23a-45dd-a2f6-80907536c905}</UniqueIdentifier>
    </Filter>
    <Filter Include="Source Files\shared">
      <UniqueIdentifier>{6f333728-8f4d-4b58-aa77-ba5de13096b7}</UniqueIdentifier>
    </Filter>
  </ItemGroup>
  <ItemGroup>
    <ClInclude Include="..\..\shared\studio.h">
      <Filter>Header Files</Filter>
    </ClInclude>
    <ClInclude Include="..\..\common\carray.h">
      <Filter>Header Files\common</Filter>
    </ClInclude>
    <ClInclude Include="..\..\common\carray_inline.hpp">
      <Filter>Header Files\common</Filter>
    </ClInclude>
    <ClInclude Include="..\..\common\cbitset.h">
      <Filter>Header Files\common</Filter>
    </ClInclude>
    <ClInclude Include="..\..\common\cbitset_inline.hpp">
      <Filter>Header Files\common</Filter>
    </ClInclude>
    <ClInclude Include="..\..\common\cbuffer.h">
      <Filter>Header Files\common</Filter>
    </ClInclude>
    <ClInclude Include="..\..\common\cbuffer_inline.hpp">
      <Filter>Header Files\common</Filter>
    </ClInclude>
    <ClInclude Include="..\..\common\clinkedlist.h">
      <Filter>Header Files\common</Filter>
    </ClInclude>
    <ClInclude Include="..\..\common\clinkedlist_inline.hpp">
      <Filter>Header Files\common</Filter>
    </ClInclude>
    <ClInclude Include="..\..\common\common.h">
      <Filter>Header Files\common</Filter>
    </ClInclude>
    <ClInclude Include="..\..\common\common_inline.hpp">
      <Filter>Header Files\common</Filter>
    </ClInclude>
    <ClInclude Include="..\..\common\cstring.h">
      <Filter>Header Files\common</Filter>
    </ClInclude>
    <ClInclude Include="..\..\common\cstring_inline.hpp">
      <Filter>Header Files\common</Filter>
    </ClInclude>
    <ClInclude Include="..\..\common\vector.h">
      <Filter>Header Files\common</Filter>
    </ClInclude>
    <ClInclude Include="..\..\common\vector_inline.hpp">
      <Filter>Header Files\common</Filter>
    </ClInclude>
    <ClInclude Include="main.h">
      <Filter>Header Files</Filter>
    </ClInclude>
    <ClInclude Include="studiocompiler.h">
      <Filter>Header Files</Filter>
    </ClInclude>
    <ClInclude Include="compiler_types.h">
      <Filter>Header Files</Filter>
    </ClInclude>
    <ClInclude Include="..\..\common\cstringpool.h">
      <Filter>Header Files\common</Filter>
    </ClInclude>
    <ClInclude Include="..\..\common\cstringpool_inline.hpp">
      <Filter>Header Files\common</Filter>
    </ClInclude>
    <ClInclude Include="..\..\common\crc32.h">
      <Filter>Header Files\common</Filter>
    </ClInclude>
    <ClInclude Include="options.h">
      <Filter>Header Files</Filter>
    </ClInclude>
    <ClInclude Include="qcparser.h">
      <Filter>Header Files</Filter>
    </ClInclude>
    <ClInclude Include="vbmcompiler.h">
      <Filter>Header Files</Filter>
    </ClInclude>
    <ClInclude Include="smdparser.h">
      <Filter>Header Files</Filter>
    </ClInclude>
    <ClInclude Include="geometrysmdparser.h">
      <Filter>Header Files</Filter>
    </ClInclude>
    <ClInclude Include="animationsmdparser.h">
      <Filter>Header Files</Filter>
    </ClInclude>
    <ClInclude Include="parserbase.h">
      <Filter>Header Files</Filter>
    </ClInclude>
    <ClInclude Include="compiler_math.h">
      <Filter>Header Files</Filter>
    </ClInclude>
    <ClInclude Include="vtaparser.h">
      <Filter>Header Files</Filter>
    </ClInclude>
    <ClInclude Include="..\..\common\bmp.h">
      <Filter>Header Files\common</Filter>
    </ClInclude>
    <ClInclude Include="..\..\common\bmpformat.h">
      <Filter>Header Files\common</Filter>
    </ClInclude>
    <ClInclude Include="..\..\common\r_common.h">
      <Filter>Header Files\common</Filter>
    </ClInclude>
    <ClInclude Include="..\..\common\matrix.h">
      <Filter>Header Files\common</Filter>
    </ClInclude>
    <ClInclude Include="..\..\shared\vbm_shared.h">
      <Filter>Header Files\shared</Filter>
    </ClInclude>
    <ClInclude Include="..\..\common\tga.h">
      <Filter>Header Files\common</Filter>
    </ClInclude>
    <ClInclude Include="..\..\common\tgaformat.h">
      <Filter>Header Files\common</Filter>
    </ClInclude>
    <ClInclude Include="trimeshbuilder.h">
      <Filter>Header Files</Filter>
    </ClInclude>
    <ClInclude Include="refframesmdparser.h">
      <Filter>Header Files</Filter>
    </ClInclude>
    <ClInclude Include="..\..\shared\vbmformat.h">
      <Filter>Header Files\shared</Filter>
    </ClInclude>
    <ClInclude Include="..\..\common\logfile.h">
      <Filter>Header Files\common</Filter>
    </ClInclude>
    <ClInclude Include="filefuncs.h">
      <Filter>Header Files</Filter>
    </ClInclude>
    <ClInclude Include="..\..\common\constants.h">
      <Filter>Header Files\common</Filter>
    </ClInclude>
  </ItemGroup>
  <ItemGroup>
    <ClCompile Include="..\..\common\cbitset.cpp">
      <Filter>Source Files\common</Filter>
    </ClCompile>
    <ClCompile Include="..\..\common\cstring.cpp">
      <Filter>Source Files\common</Filter>
    </ClCompile>
    <ClCompile Include="..\..\common\cbuffer.cpp">
      <Filter>Source Files\common</Filter>
    </ClCompile>
    <ClCompile Include="..\..\common\common.cpp">
      <Filter>Source Files\common</Filter>
    </ClCompile>
    <ClCompile Include="main.cpp">
      <Filter>Source Files</Filter>
    </ClCompile>
    <ClCompile Include="studiocompiler.cpp">
      <Filter>Source Files</Filter>
    </ClCompile>
    <ClCompile Include="compiler_types.cpp">
      <Filter>Source Files</Filter>
    </ClCompile>
    <ClCompile Include="..\..\common\cstringpool.cpp">
      <Filter>Source Files\common</Filter>
    </ClCompile>
    <ClCompile Include="..\..\common\crc32.cpp">
      <Filter>Source Files\common</Filter>
    </ClCompile>
    <ClCompile Include="options.cpp">
      <Filter>Source Files</Filter>
    </ClCompile>
    <ClCompile Include="qcparser.cpp">
      <Filter>Source Files</Filter>
    </ClCompile>
    <ClCompile Include="vbmcompiler.cpp">
      <Filter>Source Files</Filter>
    </ClCompile>
    <ClCompile Include="smdparser.cpp">
      <Filter>Source Files</Filter>
    </ClCompile>
    <ClCompile Include="geometrysmdparser.cpp">
      <Filter>Source Files</Filter>
    </ClCompile>
    <ClCompile Include="animationsmdparser.cpp">
      <Filter>Source Files</Filter>
    </ClCompile>
    <ClCompile Include="parserbase.cpp">
      <Filter>Source Files</Filter>
    </ClCompile>
    <ClCompile Include="compiler_math.cpp">
      <Filter>Source Files</Filter>
    </ClCompile>
    <ClCompile Include="vtaparser.cpp">
      <Filter>Source Files</Filter>
    </ClCompile>
    <ClCompile Include="..\..\common\bmp.cpp">
      <Filter>Source Files\common</Filter>
    </ClCompile>
    <ClCompile Include="..\..\common\r_common.cpp">
      <Filter>Source Files\common</Filter>
    </ClCompile>
    <ClCompile Include="..\..\common\matrix.cpp">
      <Filter>Source Files\common</Filter>
    </ClCompile>
    <ClCompile Include="..\..\shared\vbm_shared.cpp">
      <Filter>Source Files\shared</Filter>
    </ClCompile>
    <ClCompile Include="..\..\common\tga.cpp">
      <Filter>Source Files\common</Filter>
    </ClCompile>
    <ClCompile Include="trimeshbuilder.cpp">
      <Filter>Source Files</Filter>
    </ClCompile>
    <ClCompile Include="refframesmdparser.cpp">
      <Filter>Source Files</Filter>
    </ClCompile>
    <ClCompile Include="..\..\common\logfile.cpp">
      <Filter>Source Files\common</Filter>
    </ClCompile>
    <ClCompile Include="filefuncs.cpp">
      <Filter>Source Files</Filter>
    </ClCompile>
  </ItemGroup>
</Project>