
Microsoft Visual Studio Solution File, Format Version 11.00
# Visual Studio 2010
Project("{8BC9CEB8-8B4A-11D0-8D11-00A0C91BC942}") = "pathos-engine", "engine\pathos-engine.vcxproj", "{9919AF58-E9C3-4694-8688-8048B97C6AC1}"
	ProjectSection(ProjectDependencies) = postProject
		{3A214E06-B95E-4D61-A291-1F8DF2EC10FD} = {3A214E06-B95E-4D61-A291-1F8DF2EC10FD}
		{D65D9642-32C0-470C-86D7-90FE7E8EFED0} = {D65D9642-32C0-470C-86D7-90FE7E8EFED0}
		{CEBDE98B-A6AA-46E6-BC79-FAAF823DB9EC} = {CEBDE98B-A6AA-46E6-BC79-FAAF823DB9EC}
		{81CE8DAF-EBB2-4761-8E45-B71ABCCA8C68} = {81CE8DAF-EBB2-4761-8E45-B71ABCCA8C68}
		{78B079BD-9FC7-4B9E-B4A6-96DA0F00248B} = {78B079BD-9FC7-4B9E-B4A6-96DA0F00248B}
		{DA956FD3-E142-46F2-9DD5-C78BEBB56B7A} = {DA956FD3-E142-46F2-9DD5-C78BEBB56B7A}
		{15CBFEFF-7965-41F5-B4E2-21E8795C9159} = {15CBFEFF-7965-41F5-B4E2-21E8795C9159}
	EndProjectSection
EndProject
Project("{8BC9CEB8-8B4A-11D0-8D11-00A0C91BC942}") = "SDL2", "libs\sdl2.0\VisualC\SDL\SDL.vcxproj", "{81CE8DAF-EBB2-4761-8E45-B71ABCCA8C68}"
EndProject
Project("{8BC9CEB8-8B4A-11D0-8D11-00A0C91BC942}") = "SDL2main", "libs\sdl2.0\VisualC\SDLmain\SDLmain.vcxproj", "{DA956FD3-E142-46F2-9DD5-C78BEBB56B7A}"
EndProject
Project("{8BC9CEB8-8B4A-11D0-8D11-00A0C91BC942}") = "freetype", "libs\freetype\builds\windows\vc2010\freetype.vcxproj", "{78B079BD-9FC7-4B9E-B4A6-96DA0F00248B}"
EndProject
Project("{8BC9CEB8-8B4A-11D0-8D11-00A0C91BC942}") = "gamedll", "gamedll\gamedll.vcxproj", "{0CC32B0E-3226-40E0-9E1E-D751EAE5239B}"
	ProjectSection(ProjectDependencies) = postProject
		{81CE8DAF-EBB2-4761-8E45-B71ABCCA8C68} = {81CE8DAF-EBB2-4761-8E45-B71ABCCA8C68}
	EndProjectSection
EndProject
Project("{8BC9CEB8-8B4A-11D0-8D11-00A0C91BC942}") = "client", "clientdll\client.vcxproj", "{D65D9642-32C0-470C-86D7-90FE7E8EFED0}"
	ProjectSection(ProjectDependencies) = postProject
		{81CE8DAF-EBB2-4761-8E45-B71ABCCA8C68} = {81CE8DAF-EBB2-4761-8E45-B71ABCCA8C68}
		{78B079BD-9FC7-4B9E-B4A6-96DA0F00248B} = {78B079BD-9FC7-4B9E-B4A6-96DA0F00248B}
		{DA956FD3-E142-46F2-9DD5-C78BEBB56B7A} = {DA956FD3-E142-46F2-9DD5-C78BEBB56B7A}
	EndProjectSection
EndProject
Project("{8BC9CEB8-8B4A-11D0-8D11-00A0C91BC942}") = "libogg_static", "libs\libogg\win32\VS2010\libogg_static.vcxproj", "{15CBFEFF-7965-41F5-B4E2-21E8795C9159}"
EndProject
Project("{8BC9CEB8-8B4A-11D0-8D11-00A0C91BC942}") = "libvorbis_static", "libs\libvorbis\win32\VS2010\libvorbis\libvorbis_static.vcxproj", "{3A214E06-B95E-4D61-A291-1F8DF2EC10FD}"
EndProject
Project("{8BC9CEB8-8B4A-11D0-8D11-00A0C91BC942}") = "libvorbisfile", "libs\libvorbis\win32\VS2010\libvorbisfile\libvorbisfile_static.vcxproj", "{CEBDE98B-A6AA-46E6-BC79-FAAF823DB9EC}"
EndProject
Global
	GlobalSection(SolutionConfigurationPlatforms) = preSolution
		Debug|Win32 = Debug|Win32
		Debug|x64 = Debug|x64
		EngineRelease|Win32 = EngineRelease|Win32
		EngineRelease|x64 = EngineRelease|x64
		Release|Win32 = Release|Win32
		Release|x64 = Release|x64
	EndGlobalSection
	GlobalSection(ProjectConfigurationPlatforms) = postSolution
		{9919AF58-E9C3-4694-8688-8048B97C6AC1}.Debug|Win32.ActiveCfg = Debug|Win32
		{9919AF58-E9C3-4694-8688-8048B97C6AC1}.Debug|Win32.Build.0 = Debug|Win32
		{9919AF58-E9C3-4694-8688-8048B97C6AC1}.Debug|x64.ActiveCfg = Debug|x64
		{9919AF58-E9C3-4694-8688-8048B97C6AC1}.Debug|x64.Build.0 = Debug|x64
		{9919AF58-E9C3-4694-8688-8048B97C6AC1}.EngineRelease|Win32.ActiveCfg = Release|Win32
		{9919AF58-E9C3-4694-8688-8048B97C6AC1}.EngineRelease|Win32.Build.0 = Release|Win32
		{9919AF58-E9C3-4694-8688-8048B97C6AC1}.EngineRelease|x64.ActiveCfg = Release|x64
		{9919AF58-E9C3-4694-8688-8048B97C6AC1}.EngineRelease|x64.Build.0 = Release|x64
		{9919AF58-E9C3-4694-8688-8048B97C6AC1}.Release|Win32.ActiveCfg = Release|Win32
		{9919AF58-E9C3-4694-8688-8048B97C6AC1}.Release|Win32.Build.0 = Release|Win32
		{9919AF58-E9C3-4694-8688-8048B97C6AC1}.Release|x64.ActiveCfg = Release|x64
		{9919AF58-E9C3-4694-8688-8048B97C6AC1}.Release|x64.Build.0 = Release|x64
		{81CE8DAF-EBB2-4761-8E45-B71ABCCA8C68}.Debug|Win32.ActiveCfg = Debug|Win32
		{81CE8DAF-EBB2-4761-8E45-B71ABCCA8C68}.Debug|Win32.Build.0 = Debug|Win32
		{81CE8DAF-EBB2-4761-8E45-B71ABCCA8C68}.Debug|x64.ActiveCfg = Debug|x64
		{81CE8DAF-EBB2-4761-8E45-B71ABCCA8C68}.Debug|x64.Build.0 = Debug|x64
		{81CE8DAF-EBB2-4761-8E45-B71ABCCA8C68}.EngineRelease|Win32.ActiveCfg = Release|Win32
		{81CE8DAF-EBB2-4761-8E45-B71ABCCA8C68}.EngineRelease|Win32.Build.0 = Release|Win32
		{81CE8DAF-EBB2-4761-8E45-B71ABCCA8C68}.EngineRelease|x64.ActiveCfg = Release|x64
		{81CE8DAF-EBB2-4761-8E45-B71ABCCA8C68}.EngineRelease|x64.Build.0 = Release|x64
		{81CE8DAF-EBB2-4761-8E45-B71ABCCA8C68}.Release|Win32.ActiveCfg = Release|Win32
		{81CE8DAF-EBB2-4761-8E45-B71ABCCA8C68}.Release|Win32.Build.0 = Release|Win32
		{81CE8DAF-EBB2-4761-8E45-B71ABCCA8C68}.Release|x64.ActiveCfg = Release|x64
		{81CE8DAF-EBB2-4761-8E45-B71ABCCA8C68}.Release|x64.Build.0 = Release|x64
		{DA956FD3-E142-46F2-9DD5-C78BEBB56B7A}.Debug|Win32.ActiveCfg = Debug|Win32
		{DA956FD3-E142-46F2-9DD5-C78BEBB56B7A}.Debug|Win32.Build.0 = Debug|Win32
		{DA956FD3-E142-46F2-9DD5-C78BEBB56B7A}.Debug|x64.ActiveCfg = Debug|x64
		{DA956FD3-E142-46F2-9DD5-C78BEBB56B7A}.Debug|x64.Build.0 = Debug|x64
		{DA956FD3-E142-46F2-9DD5-C78BEBB56B7A}.EngineRelease|Win32.ActiveCfg = Release|Win32
		{DA956FD3-E142-46F2-9DD5-C78BEBB56B7A}.EngineRelease|Win32.Build.0 = Release|Win32
		{DA956FD3-E142-46F2-9DD5-C78BEBB56B7A}.EngineRelease|x64.ActiveCfg = Release|x64
		{DA956FD3-E142-46F2-9DD5-C78BEBB56B7A}.EngineRelease|x64.Build.0 = Release|x64
		{DA956FD3-E142-46F2-9DD5-C78BEBB56B7A}.Release|Win32.ActiveCfg = Release|Win32
		{DA956FD3-E142-46F2-9DD5-C78BEBB56B7A}.Release|Win32.Build.0 = Release|Win32
		{DA956FD3-E142-46F2-9DD5-C78BEBB56B7A}.Release|x64.ActiveCfg = Release|x64
		{DA956FD3-E142-46F2-9DD5-C78BEBB56B7A}.Release|x64.Build.0 = Release|x64
		{78B079BD-9FC7-4B9E-B4A6-96DA0F00248B}.Debug|Win32.ActiveCfg = Debug|Win32
		{78B079BD-9FC7-4B9E-B4A6-96DA0F00248B}.Debug|Win32.Build.0 = Debug|Win32
		{78B079BD-9FC7-4B9E-B4A6-96DA0F00248B}.Debug|x64.ActiveCfg = Debug|x64
		{78B079BD-9FC7-4B9E-B4A6-96DA0F00248B}.Debug|x64.Build.0 = Debug|x64
		{78B079BD-9FC7-4B9E-B4A6-96DA0F00248B}.EngineRelease|Win32.ActiveCfg = Release|Win32
		{78B079BD-9FC7-4B9E-B4A6-96DA0F00248B}.EngineRelease|Win32.Build.0 = Release|Win32
		{78B079BD-9FC7-4B9E-B4A6-96DA0F00248B}.EngineRelease|x64.ActiveCfg = Release|x64
		{78B079BD-9FC7-4B9E-B4A6-96DA0F00248B}.EngineRelease|x64.Build.0 = Release|x64
		{78B079BD-9FC7-4B9E-B4A6-96DA0F00248B}.Release|Win32.ActiveCfg = Release|Win32
		{78B079BD-9FC7-4B9E-B4A6-96DA0F00248B}.Release|Win32.Build.0 = Release|Win32
		{78B079BD-9FC7-4B9E-B4A6-96DA0F00248B}.Release|x64.ActiveCfg = Release|x64
		{78B079BD-9FC7-4B9E-B4A6-96DA0F00248B}.Release|x64.Build.0 = Release|x64
		{0CC32B0E-3226-40E0-9E1E-D751EAE5239B}.Debug|Win32.ActiveCfg = Debug|Win32
		{0CC32B0E-3226-40E0-9E1E-D751EAE5239B}.Debug|Win32.Build.0 = Debug|Win32
		{0CC32B0E-3226-40E0-9E1E-D751EAE5239B}.Debug|x64.ActiveCfg = Debug|x64
		{0CC32B0E-3226-40E0-9E1E-D751EAE5239B}.Debug|x64.Build.0 = Debug|x64
		{0CC32B0E-3226-40E0-9E1E-D751EAE5239B}.EngineRelease|Win32.ActiveCfg = Debug|Win32
		{0CC32B0E-3226-40E0-9E1E-D751EAE5239B}.EngineRelease|Win32.Build.0 = Debug|Win32
		{0CC32B0E-3226-40E0-9E1E-D751EAE5239B}.EngineRelease|x64.ActiveCfg = Debug|x64
		{0CC32B0E-3226-40E0-9E1E-D751EAE5239B}.EngineRelease|x64.Build.0 = Debug|x64
		{0CC32B0E-3226-40E0-9E1E-D751EAE5239B}.Release|Win32.ActiveCfg = Release|Win32
		{0CC32B0E-3226-40E0-9E1E-D751EAE5239B}.Release|Win32.Build.0 = Release|Win32
		{0CC32B0E-3226-40E0-9E1E-D751EAE5239B}.Release|x64.ActiveCfg = Release|x64
		{0CC32B0E-3226-40E0-9E1E-D751EAE5239B}.Release|x64.Build.0 = Release|x64
		{D65D9642-32C0-470C-86D7-90FE7E8EFED0}.Debug|Win32.ActiveCfg = Debug|Win32
		{D65D9642-32C0-470C-86D7-90FE7E8EFED0}.Debug|Win32.Build.0 = Debug|Win32
		{D65D9642-32C0-470C-86D7-90FE7E8EFED0}.Debug|x64.ActiveCfg = Debug|x64
		{D65D9642-32C0-470C-86D7-90FE7E8EFED0}.Debug|x64.Build.0 = Debug|x64
		{D65D9642-32C0-470C-86D7-90FE7E8EFED0}.EngineRelease|Win32.ActiveCfg = Debug|Win32
		{D65D9642-32C0-470C-86D7-90FE7E8EFED0}.EngineRelease|Win32.Build.0 = Debug|Win32
		{D65D9642-32C0-470C-86D7-90FE7E8EFED0}.EngineRelease|x64.ActiveCfg = Debug|x64
		{D65D9642-32C0-470C-86D7-90FE7E8EFED0}.EngineRelease|x64.Build.0 = Debug|x64
		{D65D9642-32C0-470C-86D7-90FE7E8EFED0}.Release|Win32.ActiveCfg = Release|Win32
		{D65D9642-32C0-470C-86D7-90FE7E8EFED0}.Release|Win32.Build.0 = Release|Win32
		{D65D9642-32C0-470C-86D7-90FE7E8EFED0}.Release|x64.ActiveCfg = Release|x64
		{D65D9642-32C0-470C-86D7-90FE7E8EFED0}.Release|x64.Build.0 = Release|x64
		{15CBFEFF-7965-41F5-B4E2-21E8795C9159}.Debug|Win32.ActiveCfg = Debug|Win32
		{15CBFEFF-7965-41F5-B4E2-21E8795C9159}.Debug|Win32.Build.0 = Debug|Win32
		{15CBFEFF-7965-41F5-B4E2-21E8795C9159}.Debug|x64.ActiveCfg = Debug|x64
		{15CBFEFF-7965-41F5-B4E2-21E8795C9159}.Debug|x64.Build.0 = Debug|x64
		{15CBFEFF-7965-41F5-B4E2-21E8795C9159}.EngineRelease|Win32.ActiveCfg = Release|Win32
		{15CBFEFF-7965-41F5-B4E2-21E8795C9159}.EngineRelease|Win32.Build.0 = Release|Win32
		{15CBFEFF-7965-41F5-B4E2-21E8795C9159}.EngineRelease|x64.ActiveCfg = Release|x64
		{15CBFEFF-7965-41F5-B4E2-21E8795C9159}.EngineRelease|x64.Build.0 = Release|x64
		{15CBFEFF-7965-41F5-B4E2-21E8795C9159}.Release|Win32.ActiveCfg = Release|Win32
		{15CBFEFF-7965-41F5-B4E2-21E8795C9159}.Release|Win32.Build.0 = Release|Win32
		{15CBFEFF-7965-41F5-B4E2-21E8795C9159}.Release|x64.ActiveCfg = Release|x64
		{15CBFEFF-7965-41F5-B4E2-21E8795C9159}.Release|x64.Build.0 = Release|x64
		{3A214E06-B95E-4D61-A291-1F8DF2EC10FD}.Debug|Win32.ActiveCfg = Debug|Win32
		{3A214E06-B95E-4D61-A291-1F8DF2EC10FD}.Debug|Win32.Build.0 = Debug|Win32
		{3A214E06-B95E-4D61-A291-1F8DF2EC10FD}.Debug|x64.ActiveCfg = Debug|x64
		{3A214E06-B95E-4D61-A291-1F8DF2EC10FD}.Debug|x64.Build.0 = Debug|x64
		{3A214E06-B95E-4D61-A291-1F8DF2EC10FD}.EngineRelease|Win32.ActiveCfg = Release|Win32
		{3A214E06-B95E-4D61-A291-1F8DF2EC10FD}.EngineRelease|Win32.Build.0 = Release|Win32
		{3A214E06-B95E-4D61-A291-1F8DF2EC10FD}.EngineRelease|x64.ActiveCfg = Release|x64
		{3A214E06-B95E-4D61-A291-1F8DF2EC10FD}.EngineRelease|x64.Build.0 = Release|x64
		{3A214E06-B95E-4D61-A291-1F8DF2EC10FD}.Release|Win32.ActiveCfg = Release|Win32
		{3A214E06-B95E-4D61-A291-1F8DF2EC10FD}.Release|Win32.Build.0 = Release|Win32
		{3A214E06-B95E-4D61-A291-1F8DF2EC10FD}.Release|x64.ActiveCfg = Release|x64
		{3A214E06-B95E-4D61-A291-1F8DF2EC10FD}.Release|x64.Build.0 = Release|x64
		{CEBDE98B-A6AA-46E6-BC79-FAAF823DB9EC}.Debug|Win32.ActiveCfg = Debug|Win32
		{CEBDE98B-A6AA-46E6-BC79-FAAF823DB9EC}.Debug|Win32.Build.0 = Debug|Win32
		{CEBDE98B-A6AA-46E6-BC79-FAAF823DB9EC}.Debug|x64.ActiveCfg = Debug|x64
		{CEBDE98B-A6AA-46E6-BC79-FAAF823DB9EC}.Debug|x64.Build.0 = Debug|x64
		{CEBDE98B-A6AA-46E6-BC79-FAAF823DB9EC}.EngineRelease|Win32.ActiveCfg = Release|Win32
		{CEBDE98B-A6AA-46E6-BC79-FAAF823DB9EC}.EngineRelease|Win32.Build.0 = Release|Win32
		{CEBDE98B-A6AA-46E6-BC79-FAAF823DB9EC}.EngineRelease|x64.ActiveCfg = Release|x64
		{CEBDE98B-A6AA-46E6-BC79-FAAF823DB9EC}.EngineRelease|x64.Build.0 = Release|x64
		{CEBDE98B-A6AA-46E6-BC79-FAAF823DB9EC}.Release|Win32.ActiveCfg = Release|Win32
		{CEBDE98B-A6AA-46E6-BC79-FAAF823DB9EC}.Release|Win32.Build.0 = Release|Win32
		{CEBDE98B-A6AA-46E6-BC79-FAAF823DB9EC}.Release|x64.ActiveCfg = Release|x64
		{CEBDE98B-A6AA-46E6-BC79-FAAF823DB9EC}.Release|x64.Build.0 = Release|x64
	EndGlobalSection
	GlobalSection(SolutionProperties) = preSolution
		HideSolutionNode = FALSE
	EndGlobalSection
EndGlobal
